// !$*UTF8*$!
{
	archiveVersion = 1;
	classes = {
	};
	objectVersion = 77;
	objects = {

/* Begin PBXBuildFile section */
		01BB6DEB9295F00370A26861 /* ConductorStore.swift in Sources */ = {isa = PBXBuildFile; fileRef = 23C902FA2B8019EE95823DF5 /* ConductorStore.swift */; };
		01E2F5D841FDEE0F11394C22 /* CodebaseStore.swift in Sources */ = {isa = PBXBuildFile; fileRef = B55C5E16E2F35275C8ABF08F /* CodebaseStore.swift */; };
		06E2EE53BDDDE481B344B6B6 /* JSONValue.swift in Sources */ = {isa = PBXBuildFile; fileRef = D5DC06C36A5510FA50EDD5A3 /* JSONValue.swift */; };
		0D60DB8DB3E137CF2C8FAE87 /* Events.swift in Sources */ = {isa = PBXBuildFile; fileRef = 684182A95107CD8D18D72A64 /* Events.swift */; };
		0D88C0E4640370993AEC70B4 /* BoardFeature.swift in Sources */ = {isa = PBXBuildFile; fileRef = EA18C1203D80A4C9ABE44D93 /* BoardFeature.swift */; };
		135669C0FD12FBE6AC88F226 /* Controls.swift in Sources */ = {isa = PBXBuildFile; fileRef = C13E9752A0BD82B3BB149A42 /* Controls.swift */; };
		13A2D5E32B8C0B70397ECAF2 /* ArchonJSON.swift in Sources */ = {isa = PBXBuildFile; fileRef = 31B27E351025CD9795F8DABC /* ArchonJSON.swift */; };
		152474973E3B0B3A6FC082D9 /* ShellRegistry.swift in Sources */ = {isa = PBXBuildFile; fileRef = EF7DA91D353722DB50A1F1FF /* ShellRegistry.swift */; };
		1DDE6233A5CEEDE7484B187B /* TerminalEmulatorTests.swift in Sources */ = {isa = PBXBuildFile; fileRef = 56742C1F2BF7D9C4316CEA12 /* TerminalEmulatorTests.swift */; };
		2176AADBA587FA91D79BC608 /* BoardServices.swift in Sources */ = {isa = PBXBuildFile; fileRef = B6329A74321394DCC31329DF /* BoardServices.swift */; };
		21AF3DCF33B46D7D8C3B855D /* ScrollbackBufferTests.swift in Sources */ = {isa = PBXBuildFile; fileRef = E7DA3B560E3708AA69F7B902 /* ScrollbackBufferTests.swift */; };
		22652D4F43458C38E9035EE7 /* Project.swift in Sources */ = {isa = PBXBuildFile; fileRef = 8B416F5BEFE5B985D413C58A /* Project.swift */; };
		22A938655A1EE30F9DD68050 /* Memory.swift in Sources */ = {isa = PBXBuildFile; fileRef = 1B3F21356D4C4C671DE4D990 /* Memory.swift */; };
		2459770C8625F0741705F4D9 /* DesignTokens.swift in Sources */ = {isa = PBXBuildFile; fileRef = F35D088637E37F19E60BF7B8 /* DesignTokens.swift */; };
		27A371D871CFBC883C8A451C /* MemoryMarkdownView.swift in Sources */ = {isa = PBXBuildFile; fileRef = 4BB116746B9F81EBF43CEF17 /* MemoryMarkdownView.swift */; };
		280FFE0EF54D9E9EA28196F2 /* OrbHue.swift in Sources */ = {isa = PBXBuildFile; fileRef = ABE3FE44F3FCD45172998078 /* OrbHue.swift */; };
		2E97BCD51D8F2A5DC2E104DA /* EventDecodingTests.swift in Sources */ = {isa = PBXBuildFile; fileRef = 4F7CFDE79EE648FD44201D9A /* EventDecodingTests.swift */; };
		306F15B32823E8C5A98F73D0 /* AppStateReducerTests.swift in Sources */ = {isa = PBXBuildFile; fileRef = 41745580EDB1E4C88132D2D8 /* AppStateReducerTests.swift */; };
		32BFE1160A2012175CA66FED /* BoardStoreTests.swift in Sources */ = {isa = PBXBuildFile; fileRef = C09BFFBBD29821845C4F76BB /* BoardStoreTests.swift */; };
		35CC8D8CA239D620CE7835BB /* ConductorSurfaceView.swift in Sources */ = {isa = PBXBuildFile; fileRef = C18B12D7E67BB15BB3956377 /* ConductorSurfaceView.swift */; };
		36EFA4D99D62034BCC20C97F /* APIError.swift in Sources */ = {isa = PBXBuildFile; fileRef = BFD46851018374A5A5477A3A /* APIError.swift */; };
		3CD91A89215E0F641352F0B2 /* TerminalsSidebarView.swift in Sources */ = {isa = PBXBuildFile; fileRef = 0D5D9B2323AB9FE790256FF3 /* TerminalsSidebarView.swift */; };
		41B63FED230E0D70FD345E06 /* Health.swift in Sources */ = {isa = PBXBuildFile; fileRef = 83EC12E1FEC3BD9D301D9FB1 /* Health.swift */; };
		42640F1CE272758116B7D10A /* CardView.swift in Sources */ = {isa = PBXBuildFile; fileRef = 2228F770456B565CF8928CA8 /* CardView.swift */; };
		43E483D13D80F46D485F70E3 /* OrbRenderModel.swift in Sources */ = {isa = PBXBuildFile; fileRef = 14397D4F57BBB7771A72A953 /* OrbRenderModel.swift */; };
		4421BDB2306EACC0769212F7 /* CardEditor.swift in Sources */ = {isa = PBXBuildFile; fileRef = 124954495371E6D2D9E6AD99 /* CardEditor.swift */; };
		46306BEC777E9A8813B0AB11 /* TerminalsStoreTests.swift in Sources */ = {isa = PBXBuildFile; fileRef = 78B7A7FD6EE35360104F9508 /* TerminalsStoreTests.swift */; };
		49359E6B3BF321D35A8F7EA0 /* BackoffAndSeqTests.swift in Sources */ = {isa = PBXBuildFile; fileRef = 9F03027C8A76E9EF0A0A008D /* BackoffAndSeqTests.swift */; };
		49571A6A766B2E5F017AA1CB /* MemoryProposal.swift in Sources */ = {isa = PBXBuildFile; fileRef = 647D802307379965E208F44B /* MemoryProposal.swift */; };
		49DB15405AF63B7B861808BC /* SpeechTranscribing.swift in Sources */ = {isa = PBXBuildFile; fileRef = B57EFADAB1D249236EDA0642 /* SpeechTranscribing.swift */; };
		4B5BC329FEDC09C4BE8571BC /* PushToTalkController.swift in Sources */ = {isa = PBXBuildFile; fileRef = 0C5451807B71713E46AB7A43 /* PushToTalkController.swift */; };
		4E2A3EDB1B1CDA4733DA1D2D /* OrbStateMachine.swift in Sources */ = {isa = PBXBuildFile; fileRef = E28D5826503E251D42BB727D /* OrbStateMachine.swift */; };
		4F08071D72C27F4EBD4ADE2C /* ArchonMaterial.swift in Sources */ = {isa = PBXBuildFile; fileRef = D6F0AACB2226E3223ADCADF4 /* ArchonMaterial.swift */; };
		4FAA61C1AD49DACAFF164AEB /* ContractConformanceTests.swift in Sources */ = {isa = PBXBuildFile; fileRef = 0C01C31FB76C1D1DAF498F4A /* ContractConformanceTests.swift */; };
		5228735650B621739FBA20FD /* ModelDecodingTests.swift in Sources */ = {isa = PBXBuildFile; fileRef = 0001C5475BA43C9805F6E970 /* ModelDecodingTests.swift */; };
		53B0B3A7B48FBB55AD17B312 /* PlanView.swift in Sources */ = {isa = PBXBuildFile; fileRef = 17EFA32BFCA0B71AA67E293F /* PlanView.swift */; };
		54CA0363725C3B6E558F194D /* OrbPanelHost.swift in Sources */ = {isa = PBXBuildFile; fileRef = C63FA5B9E029F7889FC8E8BD /* OrbPanelHost.swift */; };
		553C73C61974B74212ADADC6 /* MemoryStoreTests.swift in Sources */ = {isa = PBXBuildFile; fileRef = A9AF7CCD77C2DA6E717C6B2D /* MemoryStoreTests.swift */; };
		5854CEDDFC97C2A5E2F41E0B /* ProjectPicker.swift in Sources */ = {isa = PBXBuildFile; fileRef = F6D7E58E0A59CE12EF5BA155 /* ProjectPicker.swift */; };
		5B4DD2D646B9255A20EFCE17 /* IndividualTerminalsView.swift in Sources */ = {isa = PBXBuildFile; fileRef = EC773340E3DE9956F06175AA /* IndividualTerminalsView.swift */; };
		616C489F86F991203357BFD8 /* FloatingOrbPanel.swift in Sources */ = {isa = PBXBuildFile; fileRef = 04799D8F42FC23FA1F74D0BF /* FloatingOrbPanel.swift */; };
		643681D67D9758DC42C3C9D1 /* ULID.swift in Sources */ = {isa = PBXBuildFile; fileRef = 12DD67DFCE01F21CFC1293F4 /* ULID.swift */; };
		655EF1A102C3473AD1680A9C /* ThreePaneShell.swift in Sources */ = {isa = PBXBuildFile; fileRef = D48C08BFBBD54A0EF2C2FCB3 /* ThreePaneShell.swift */; };
		67EB9F8A308792DE303CE2D2 /* Conductor.swift in Sources */ = {isa = PBXBuildFile; fileRef = CC4DDAE17A1EC528F350F280 /* Conductor.swift */; };
		6C2641BBD963CAC0E6715A85 /* MicrophoneAuthorization.swift in Sources */ = {isa = PBXBuildFile; fileRef = E09AAAD4BE53847694DECD08 /* MicrophoneAuthorization.swift */; };
		6EFCBB77368FF79DC1ED41DD /* TerminalPaneView.swift in Sources */ = {isa = PBXBuildFile; fileRef = B710A9CB4F77159DC5BD5BDF /* TerminalPaneView.swift */; };
		73A4E9EA8FD864983E6163E1 /* CodebaseTests.swift in Sources */ = {isa = PBXBuildFile; fileRef = A653CCCA1C91E46DCF6F395D /* CodebaseTests.swift */; };
		74743BAFFBE1B4626A190C3E /* AppState.swift in Sources */ = {isa = PBXBuildFile; fileRef = 2332AFA65D47F4226839C200 /* AppState.swift */; };
		7879F467C061339D978A9A47 /* KanbanBoardView.swift in Sources */ = {isa = PBXBuildFile; fileRef = E482074FE6E5456F61E2ABA0 /* KanbanBoardView.swift */; };
		78B184280D1049C49363FF2D /* WhisperKit in Frameworks */ = {isa = PBXBuildFile; productRef = D4DE73B4223E05A68AA3AC5C /* WhisperKit */; };
		7A9EFE45C9F5C3069ADBEF43 /* TerminalsStore.swift in Sources */ = {isa = PBXBuildFile; fileRef = 07D306B85EEF964B892C5307 /* TerminalsStore.swift */; };
		7F0770ED6F9F4F3A5137EA21 /* ProposalReviewCard.swift in Sources */ = {isa = PBXBuildFile; fileRef = 9CCEAA5D499EF8A7B7D8BC1C /* ProposalReviewCard.swift */; };
		80BD277C6B0215FB299B66C5 /* FileTreeView.swift in Sources */ = {isa = PBXBuildFile; fileRef = AFB7CCDF0003F2696E9825F0 /* FileTreeView.swift */; };
		80D7D86AB413EB18BF31C457 /* RootView.swift in Sources */ = {isa = PBXBuildFile; fileRef = CC714BB7790DF6FA10DEE89E /* RootView.swift */; };
		811AA3C25940022C4FBA4430 /* TranscriptView.swift in Sources */ = {isa = PBXBuildFile; fileRef = 1F058613BA196C565AE6AE91 /* TranscriptView.swift */; };
		82E3812A56665C62BD6D8DF8 /* NewSessionSheet.swift in Sources */ = {isa = PBXBuildFile; fileRef = 817D8AA3A61A0DF1C4528D15 /* NewSessionSheet.swift */; };
		873BCF15C350AAD7991DB3AB /* TerminalFocusView.swift in Sources */ = {isa = PBXBuildFile; fileRef = 205DD1E8E5AEC2CFEA4CD6C6 /* TerminalFocusView.swift */; };
		87839E6C598352311BEAF301 /* Navigation.swift in Sources */ = {isa = PBXBuildFile; fileRef = 79370577EA9C215B93AA4F21 /* Navigation.swift */; };
		87EB61FA3F49D7EAAA464568 /* Typography.swift in Sources */ = {isa = PBXBuildFile; fileRef = 3074515503F306D9B35C23B9 /* Typography.swift */; };
		887D124C47E00C0FD82CBE48 /* WhisperKitTranscriber.swift in Sources */ = {isa = PBXBuildFile; fileRef = 94936016E8E9CA22D6FF42AF /* WhisperKitTranscriber.swift */; };
		89C523A8A27047FFB361E7D4 /* KanbanColumnView.swift in Sources */ = {isa = PBXBuildFile; fileRef = 8C155AE735BD6340B57E0A66 /* KanbanColumnView.swift */; };
		8AE713FABDB3C609483E2F67 /* ScrollbackBuffer.swift in Sources */ = {isa = PBXBuildFile; fileRef = 3D1013E3F396EFC342D9F178 /* ScrollbackBuffer.swift */; };
		8AE933426C79AE09C7621BA1 /* ProvenanceBadge.swift in Sources */ = {isa = PBXBuildFile; fileRef = B7ED99B61DCB495BD66B1536 /* ProvenanceBadge.swift */; };
		8D242ED4F18E4CFC3FCDC37D /* GitignoreMatcher.swift in Sources */ = {isa = PBXBuildFile; fileRef = 02F2510907EC95BBBA17EB76 /* GitignoreMatcher.swift */; };
		8F30594F1B51DD8A8BE744A3 /* FileTreeLoader.swift in Sources */ = {isa = PBXBuildFile; fileRef = B5949EEB8514A14929B1AA6C /* FileTreeLoader.swift */; };
		8FA86E5FD0B1C0A61E25C4F4 /* MemoryEditor.swift in Sources */ = {isa = PBXBuildFile; fileRef = 319B4548E2F4E77E93455A12 /* MemoryEditor.swift */; };
		9400B06C5528825D7569F049 /* CodebaseView.swift in Sources */ = {isa = PBXBuildFile; fileRef = 23B99B267CA4A93BF0AE1C5A /* CodebaseView.swift */; };
		968FC9B84BC48691AED3FBAC /* HotKeyManager.swift in Sources */ = {isa = PBXBuildFile; fileRef = 8A01A721C66CBDF017155FF0 /* HotKeyManager.swift */; };
		96E73C83721115138594AABA /* BackoffPolicy.swift in Sources */ = {isa = PBXBuildFile; fileRef = F01C2E745EA9AE70B336DBAF /* BackoffPolicy.swift */; };
		9C9CDE494A0CE53D96F183E6 /* TerminalsFeature.swift in Sources */ = {isa = PBXBuildFile; fileRef = 0BCF96BFE0C20F0D04FE71FE /* TerminalsFeature.swift */; };
		A00D07F1D198B17F1D23C126 /* AppContainer.swift in Sources */ = {isa = PBXBuildFile; fileRef = 6BA0919840B3C42676BD639F /* AppContainer.swift */; };
		A049F989DC8A770C3E8C5AD8 /* TerminalStyle.swift in Sources */ = {isa = PBXBuildFile; fileRef = 793E831AA38C5A9E63B16336 /* TerminalStyle.swift */; };
		A0991A796CB072B3B25FD1CF /* Kanban.swift in Sources */ = {isa = PBXBuildFile; fileRef = B396BFF76026BF349DDE0E0F /* Kanban.swift */; };
		A11B148D03E51AE89F522949 /* ProjectIdentity.swift in Sources */ = {isa = PBXBuildFile; fileRef = E80175917793628008C1CDB8 /* ProjectIdentity.swift */; };
		AB6692515BF919C7B78724C9 /* HotKeyBinding.swift in Sources */ = {isa = PBXBuildFile; fileRef = F57FFB3EF9D986C74B40C9E8 /* HotKeyBinding.swift */; };
		ABD0B0E866263454C50C871C /* APIClient.swift in Sources */ = {isa = PBXBuildFile; fileRef = 53F391DB5800A824330C61F1 /* APIClient.swift */; };
		AD2F8611402E971242DB8F38 /* StateViews.swift in Sources */ = {isa = PBXBuildFile; fileRef = F178255FAC4D0DAE20F05518 /* StateViews.swift */; };
		B14341165D6A12308FEAE6A1 /* VoiceStore.swift in Sources */ = {isa = PBXBuildFile; fileRef = 9B2CFB7927CFC4FC2855A300 /* VoiceStore.swift */; };
		B2D62CD754616BBF85EE528E /* OrbState.swift in Sources */ = {isa = PBXBuildFile; fileRef = AA7588FB633DDD37077DB60A /* OrbState.swift */; };
		B37AF6E53CE62313E2EA9F20 /* OrbView.swift in Sources */ = {isa = PBXBuildFile; fileRef = 93839BDD1C2E0EAE0FA42488 /* OrbView.swift */; };
		B409FFD026BDD440436875F9 /* ArchonApp.swift in Sources */ = {isa = PBXBuildFile; fileRef = BCAB0D49209E7010BA8551C6 /* ArchonApp.swift */; };
		B4A2EAC99D649FC2602C8656 /* ConductorStoreTests.swift in Sources */ = {isa = PBXBuildFile; fileRef = 8443CEBABBCC8FF790A37DA2 /* ConductorStoreTests.swift */; };
		B52FA470BE353E30C24AE1C9 /* VoiceOrbCoordinator.swift in Sources */ = {isa = PBXBuildFile; fileRef = DDFCECB4869D212580EDD8BE /* VoiceOrbCoordinator.swift */; };
		B6570CE19B82891D32429F37 /* BoardFormat.swift in Sources */ = {isa = PBXBuildFile; fileRef = A7576DD2C812D03493245307 /* BoardFormat.swift */; };
		B68FA50BE68D4B37840BC351 /* OrbPositionStore.swift in Sources */ = {isa = PBXBuildFile; fileRef = 5FE1ECBFEBAD1BE8F8720570 /* OrbPositionStore.swift */; };
		BAC9556CF6077D7FB066588E /* ArchonMotion.swift in Sources */ = {isa = PBXBuildFile; fileRef = 941F3A5DA401DCBABF0471A1 /* ArchonMotion.swift */; };
		BBCC955EF2E6FCBBAC7F0E83 /* PTYStreamAssembler.swift in Sources */ = {isa = PBXBuildFile; fileRef = 3F87D5A9819670CA5102D61B /* PTYStreamAssembler.swift */; };
		BDD33764F6AE4C6FB08DC44C /* FrameCoalescer.swift in Sources */ = {isa = PBXBuildFile; fileRef = E1BF657D19B1C76D545211F7 /* FrameCoalescer.swift */; };
		BFB7C6665DC2E823B9A945D7 /* OrbEnvironment.swift in Sources */ = {isa = PBXBuildFile; fileRef = F874F9E65E4AD1DB31C23737 /* OrbEnvironment.swift */; };
		C4209031F0BE9C1E1CEFA5BC /* SeqTracker.swift in Sources */ = {isa = PBXBuildFile; fileRef = 9550ABF0B1B6BAEDA9CA75D2 /* SeqTracker.swift */; };
		C4217A3A58DF20C1EDB98739 /* MemoryStore.swift in Sources */ = {isa = PBXBuildFile; fileRef = 0FCFFD5A654AE4253F7BC29F /* MemoryStore.swift */; };
		C5C73B05B43C4D0AEE658C82 /* FileNode.swift in Sources */ = {isa = PBXBuildFile; fileRef = 1519811CB4FE2E890A3B196D /* FileNode.swift */; };
		C61830EFA869D1D649E6D6AD /* Runtime.swift in Sources */ = {isa = PBXBuildFile; fileRef = 60E31623100809DF34D5EAAB /* Runtime.swift */; };
		C622E7F3BF61887EF1CA23E0 /* LineDiff.swift in Sources */ = {isa = PBXBuildFile; fileRef = DE8315A7415D68427C1695A0 /* LineDiff.swift */; };
		CB050FE8AE0E9CAA418B849C /* Session.swift in Sources */ = {isa = PBXBuildFile; fileRef = 3053130C773FAC4D913001DA /* Session.swift */; };
		CB8D0C40366066D2270452B3 /* Spacing.swift in Sources */ = {isa = PBXBuildFile; fileRef = 4999754A0853874972AA982F /* Spacing.swift */; };
		CE55A7394D49328E5D6AE6B1 /* IntelligencePane.swift in Sources */ = {isa = PBXBuildFile; fileRef = 54E9CEE867E9D6A3D6D3D455 /* IntelligencePane.swift */; };
		D015E0FB78520B8CA85DEAA6 /* OrchestratorSupervisor.swift in Sources */ = {isa = PBXBuildFile; fileRef = 7AAB33B97B048EEAD8A06C3A /* OrchestratorSupervisor.swift */; };
		D058420D5597BCD3624CD122 /* TerminalInkResolver.swift in Sources */ = {isa = PBXBuildFile; fileRef = B62F09F1F4A49214B03AE349 /* TerminalInkResolver.swift */; };
		D120744D44901B8A168B0101 /* VoiceOrbFeature.swift in Sources */ = {isa = PBXBuildFile; fileRef = D8A6866D0C7DC3D5672A99D8 /* VoiceOrbFeature.swift */; };
		D6291221664758D59F9C9344 /* PTYStreamAssemblerTests.swift in Sources */ = {isa = PBXBuildFile; fileRef = 3A021C9C090A39FF5D508BCF /* PTYStreamAssemblerTests.swift */; };
		D8B53368C64CD26E79C1D6C7 /* StatusIndicators.swift in Sources */ = {isa = PBXBuildFile; fileRef = CC301F3D985DEB3BCE2C347A /* StatusIndicators.swift */; };
		DBB5A34BCE62C621DDA17953 /* SummaryDashboardView.swift in Sources */ = {isa = PBXBuildFile; fileRef = 3518417BB19A2A36245ACDDF /* SummaryDashboardView.swift */; };
		DC50BB2644CC7C31C0B5EC02 /* WSClient.swift in Sources */ = {isa = PBXBuildFile; fileRef = 37F471FE8371BFA1DE9BF7F5 /* WSClient.swift */; };
		E05BB61A13F7EEAA6A7DC47E /* TerminalEmulator.swift in Sources */ = {isa = PBXBuildFile; fileRef = C9E1CF33F5AC3CEE2AA89A49 /* TerminalEmulator.swift */; };
		E5AD4243EFC9BC9336559839 /* BoardTestSupport.swift in Sources */ = {isa = PBXBuildFile; fileRef = AE1141C362BCB662109B72CC /* BoardTestSupport.swift */; };
		E69575F6FC6E6F959B316BF7 /* BoardStore.swift in Sources */ = {isa = PBXBuildFile; fileRef = A5705DC9316D2179300C7E0C /* BoardStore.swift */; };
		E81F6E14721B3E9EB6578813 /* VoiceOrbTests.swift in Sources */ = {isa = PBXBuildFile; fileRef = EF6609557651F1975B002A3C /* VoiceOrbTests.swift */; };
		E933F80D23BF5500ECF0C706 /* MotionAndIDTests.swift in Sources */ = {isa = PBXBuildFile; fileRef = F57220207B8609E7210FC095 /* MotionAndIDTests.swift */; };
		F40E19404CC65BBEE5FCCFAF /* MemoryView.swift in Sources */ = {isa = PBXBuildFile; fileRef = 7DB577D33AA72D3F3D3E51CC /* MemoryView.swift */; };
		F62A8CBB5051CEB8E32E0A1E /* ProjectStoreTests.swift in Sources */ = {isa = PBXBuildFile; fileRef = A0A998AFEE86997D9DCFD7B8 /* ProjectStoreTests.swift */; };
		F6BD7578D43188643717DBAA /* ConductorModels.swift in Sources */ = {isa = PBXBuildFile; fileRef = EC78D8AF0A6CA2F540F9AA37 /* ConductorModels.swift */; };
		F95E0F0612A2AC8E323A5066 /* OrbOverlayContent.swift in Sources */ = {isa = PBXBuildFile; fileRef = B5E7B1C4A88EEEE074842C3C /* OrbOverlayContent.swift */; };
		FB1E51192D11AF027B605557 /* TerminalRenderView.swift in Sources */ = {isa = PBXBuildFile; fileRef = 787E231AA9F98130B65C6CE0 /* TerminalRenderView.swift */; };
		FB3CA86C8241CF946EE4C7B8 /* TerminalSession.swift in Sources */ = {isa = PBXBuildFile; fileRef = 60948C8D03A0987420EEC05E /* TerminalSession.swift */; };
		FC147400B4515306CA727C9C /* ProjectStore.swift in Sources */ = {isa = PBXBuildFile; fileRef = 158CF3D6C44D46CF4B1409A1 /* ProjectStore.swift */; };
/* End PBXBuildFile section */

/* Begin PBXContainerItemProxy section */
		0C2DC5C0EE6D8E0C60784337 /* PBXContainerItemProxy */ = {
			isa = PBXContainerItemProxy;
			containerPortal = 393BF1BC6867ACC6AAB848B9 /* Project object */;
			proxyType = 1;
			remoteGlobalIDString = E9CAE94E668323B588125EFC;
			remoteInfo = Archon;
		};
/* End PBXContainerItemProxy section */

/* Begin PBXFileReference section */
		0001C5475BA43C9805F6E970 /* ModelDecodingTests.swift */ = {isa = PBXFileReference; lastKnownFileType = sourcecode.swift; path = ModelDecodingTests.swift; sourceTree = "<group>"; };
		02F2510907EC95BBBA17EB76 /* GitignoreMatcher.swift */ = {isa = PBXFileReference; lastKnownFileType = sourcecode.swift; path = GitignoreMatcher.swift; sourceTree = "<group>"; };
		04799D8F42FC23FA1F74D0BF /* FloatingOrbPanel.swift */ = {isa = PBXFileReference; lastKnownFileType = sourcecode.swift; path = FloatingOrbPanel.swift; sourceTree = "<group>"; };
		07D306B85EEF964B892C5307 /* TerminalsStore.swift */ = {isa = PBXFileReference; lastKnownFileType = sourcecode.swift; path = TerminalsStore.swift; sourceTree = "<group>"; };
		0BCF96BFE0C20F0D04FE71FE /* TerminalsFeature.swift */ = {isa = PBXFileReference; lastKnownFileType = sourcecode.swift; path = TerminalsFeature.swift; sourceTree = "<group>"; };
		0C01C31FB76C1D1DAF498F4A /* ContractConformanceTests.swift */ = {isa = PBXFileReference; lastKnownFileType = sourcecode.swift; path = ContractConformanceTests.swift; sourceTree = "<group>"; };
		0C5451807B71713E46AB7A43 /* PushToTalkController.swift */ = {isa = PBXFileReference; lastKnownFileType = sourcecode.swift; path = PushToTalkController.swift; sourceTree = "<group>"; };
		0D5D9B2323AB9FE790256FF3 /* TerminalsSidebarView.swift */ = {isa = PBXFileReference; lastKnownFileType = sourcecode.swift; path = TerminalsSidebarView.swift; sourceTree = "<group>"; };
		0FCFFD5A654AE4253F7BC29F /* MemoryStore.swift */ = {isa = PBXFileReference; lastKnownFileType = sourcecode.swift; path = MemoryStore.swift; sourceTree = "<group>"; };
		124954495371E6D2D9E6AD99 /* CardEditor.swift */ = {isa = PBXFileReference; lastKnownFileType = sourcecode.swift; path = CardEditor.swift; sourceTree = "<group>"; };
		12DD67DFCE01F21CFC1293F4 /* ULID.swift */ = {isa = PBXFileReference; lastKnownFileType = sourcecode.swift; path = ULID.swift; sourceTree = "<group>"; };
		14397D4F57BBB7771A72A953 /* OrbRenderModel.swift */ = {isa = PBXFileReference; lastKnownFileType = sourcecode.swift; path = OrbRenderModel.swift; sourceTree = "<group>"; };
		1519811CB4FE2E890A3B196D /* FileNode.swift */ = {isa = PBXFileReference; lastKnownFileType = sourcecode.swift; path = FileNode.swift; sourceTree = "<group>"; };
		158CF3D6C44D46CF4B1409A1 /* ProjectStore.swift */ = {isa = PBXFileReference; lastKnownFileType = sourcecode.swift; path = ProjectStore.swift; sourceTree = "<group>"; };
		17EFA32BFCA0B71AA67E293F /* PlanView.swift */ = {isa = PBXFileReference; lastKnownFileType = sourcecode.swift; path = PlanView.swift; sourceTree = "<group>"; };
		1B3F21356D4C4C671DE4D990 /* Memory.swift */ = {isa = PBXFileReference; lastKnownFileType = sourcecode.swift; path = Memory.swift; sourceTree = "<group>"; };
		1F058613BA196C565AE6AE91 /* TranscriptView.swift */ = {isa = PBXFileReference; lastKnownFileType = sourcecode.swift; path = TranscriptView.swift; sourceTree = "<group>"; };
		205DD1E8E5AEC2CFEA4CD6C6 /* TerminalFocusView.swift */ = {isa = PBXFileReference; lastKnownFileType = sourcecode.swift; path = TerminalFocusView.swift; sourceTree = "<group>"; };
		2228F770456B565CF8928CA8 /* CardView.swift */ = {isa = PBXFileReference; lastKnownFileType = sourcecode.swift; path = CardView.swift; sourceTree = "<group>"; };
		2332AFA65D47F4226839C200 /* AppState.swift */ = {isa = PBXFileReference; lastKnownFileType = sourcecode.swift; path = AppState.swift; sourceTree = "<group>"; };
		23B99B267CA4A93BF0AE1C5A /* CodebaseView.swift */ = {isa = PBXFileReference; lastKnownFileType = sourcecode.swift; path = CodebaseView.swift; sourceTree = "<group>"; };
		23C902FA2B8019EE95823DF5 /* ConductorStore.swift */ = {isa = PBXFileReference; lastKnownFileType = sourcecode.swift; path = ConductorStore.swift; sourceTree = "<group>"; };
		3053130C773FAC4D913001DA /* Session.swift */ = {isa = PBXFileReference; lastKnownFileType = sourcecode.swift; path = Session.swift; sourceTree = "<group>"; };
		3074515503F306D9B35C23B9 /* Typography.swift */ = {isa = PBXFileReference; lastKnownFileType = sourcecode.swift; path = Typography.swift; sourceTree = "<group>"; };
		319B4548E2F4E77E93455A12 /* MemoryEditor.swift */ = {isa = PBXFileReference; lastKnownFileType = sourcecode.swift; path = MemoryEditor.swift; sourceTree = "<group>"; };
		31B27E351025CD9795F8DABC /* ArchonJSON.swift */ = {isa = PBXFileReference; lastKnownFileType = sourcecode.swift; path = ArchonJSON.swift; sourceTree = "<group>"; };
		3518417BB19A2A36245ACDDF /* SummaryDashboardView.swift */ = {isa = PBXFileReference; lastKnownFileType = sourcecode.swift; path = SummaryDashboardView.swift; sourceTree = "<group>"; };
		37F471FE8371BFA1DE9BF7F5 /* WSClient.swift */ = {isa = PBXFileReference; lastKnownFileType = sourcecode.swift; path = WSClient.swift; sourceTree = "<group>"; };
		3A021C9C090A39FF5D508BCF /* PTYStreamAssemblerTests.swift */ = {isa = PBXFileReference; lastKnownFileType = sourcecode.swift; path = PTYStreamAssemblerTests.swift; sourceTree = "<group>"; };
		3D1013E3F396EFC342D9F178 /* ScrollbackBuffer.swift */ = {isa = PBXFileReference; lastKnownFileType = sourcecode.swift; path = ScrollbackBuffer.swift; sourceTree = "<group>"; };
		3F87D5A9819670CA5102D61B /* PTYStreamAssembler.swift */ = {isa = PBXFileReference; lastKnownFileType = sourcecode.swift; path = PTYStreamAssembler.swift; sourceTree = "<group>"; };
		41745580EDB1E4C88132D2D8 /* AppStateReducerTests.swift */ = {isa = PBXFileReference; lastKnownFileType = sourcecode.swift; path = AppStateReducerTests.swift; sourceTree = "<group>"; };
		4999754A0853874972AA982F /* Spacing.swift */ = {isa = PBXFileReference; lastKnownFileType = sourcecode.swift; path = Spacing.swift; sourceTree = "<group>"; };
		4BB116746B9F81EBF43CEF17 /* MemoryMarkdownView.swift */ = {isa = PBXFileReference; lastKnownFileType = sourcecode.swift; path = MemoryMarkdownView.swift; sourceTree = "<group>"; };
		4F7CFDE79EE648FD44201D9A /* EventDecodingTests.swift */ = {isa = PBXFileReference; lastKnownFileType = sourcecode.swift; path = EventDecodingTests.swift; sourceTree = "<group>"; };
		53F391DB5800A824330C61F1 /* APIClient.swift */ = {isa = PBXFileReference; lastKnownFileType = sourcecode.swift; path = APIClient.swift; sourceTree = "<group>"; };
		54E9CEE867E9D6A3D6D3D455 /* IntelligencePane.swift */ = {isa = PBXFileReference; lastKnownFileType = sourcecode.swift; path = IntelligencePane.swift; sourceTree = "<group>"; };
		56742C1F2BF7D9C4316CEA12 /* TerminalEmulatorTests.swift */ = {isa = PBXFileReference; lastKnownFileType = sourcecode.swift; path = TerminalEmulatorTests.swift; sourceTree = "<group>"; };
		5FE1ECBFEBAD1BE8F8720570 /* OrbPositionStore.swift */ = {isa = PBXFileReference; lastKnownFileType = sourcecode.swift; path = OrbPositionStore.swift; sourceTree = "<group>"; };
		60948C8D03A0987420EEC05E /* TerminalSession.swift */ = {isa = PBXFileReference; lastKnownFileType = sourcecode.swift; path = TerminalSession.swift; sourceTree = "<group>"; };
		60E31623100809DF34D5EAAB /* Runtime.swift */ = {isa = PBXFileReference; lastKnownFileType = sourcecode.swift; path = Runtime.swift; sourceTree = "<group>"; };
		647D802307379965E208F44B /* MemoryProposal.swift */ = {isa = PBXFileReference; lastKnownFileType = sourcecode.swift; path = MemoryProposal.swift; sourceTree = "<group>"; };
		684182A95107CD8D18D72A64 /* Events.swift */ = {isa = PBXFileReference; lastKnownFileType = sourcecode.swift; path = Events.swift; sourceTree = "<group>"; };
		6BA0919840B3C42676BD639F /* AppContainer.swift */ = {isa = PBXFileReference; lastKnownFileType = sourcecode.swift; path = AppContainer.swift; sourceTree = "<group>"; };
		787E231AA9F98130B65C6CE0 /* TerminalRenderView.swift */ = {isa = PBXFileReference; lastKnownFileType = sourcecode.swift; path = TerminalRenderView.swift; sourceTree = "<group>"; };
		78B7A7FD6EE35360104F9508 /* TerminalsStoreTests.swift */ = {isa = PBXFileReference; lastKnownFileType = sourcecode.swift; path = TerminalsStoreTests.swift; sourceTree = "<group>"; };
		79370577EA9C215B93AA4F21 /* Navigation.swift */ = {isa = PBXFileReference; lastKnownFileType = sourcecode.swift; path = Navigation.swift; sourceTree = "<group>"; };
		793E831AA38C5A9E63B16336 /* TerminalStyle.swift */ = {isa = PBXFileReference; lastKnownFileType = sourcecode.swift; path = TerminalStyle.swift; sourceTree = "<group>"; };
		7AAB33B97B048EEAD8A06C3A /* OrchestratorSupervisor.swift */ = {isa = PBXFileReference; lastKnownFileType = sourcecode.swift; path = OrchestratorSupervisor.swift; sourceTree = "<group>"; };
		7DB577D33AA72D3F3D3E51CC /* MemoryView.swift */ = {isa = PBXFileReference; lastKnownFileType = sourcecode.swift; path = MemoryView.swift; sourceTree = "<group>"; };
		817D8AA3A61A0DF1C4528D15 /* NewSessionSheet.swift */ = {isa = PBXFileReference; lastKnownFileType = sourcecode.swift; path = NewSessionSheet.swift; sourceTree = "<group>"; };
		83EC12E1FEC3BD9D301D9FB1 /* Health.swift */ = {isa = PBXFileReference; lastKnownFileType = sourcecode.swift; path = Health.swift; sourceTree = "<group>"; };
		8443CEBABBCC8FF790A37DA2 /* ConductorStoreTests.swift */ = {isa = PBXFileReference; includeInIndex = 1; lastKnownFileType = sourcecode.swift; path = ConductorStoreTests.swift; sourceTree = "<group>"; };
		8A01A721C66CBDF017155FF0 /* HotKeyManager.swift */ = {isa = PBXFileReference; lastKnownFileType = sourcecode.swift; path = HotKeyManager.swift; sourceTree = "<group>"; };
		8B416F5BEFE5B985D413C58A /* Project.swift */ = {isa = PBXFileReference; lastKnownFileType = sourcecode.swift; path = Project.swift; sourceTree = "<group>"; };
		8C155AE735BD6340B57E0A66 /* KanbanColumnView.swift */ = {isa = PBXFileReference; lastKnownFileType = sourcecode.swift; path = KanbanColumnView.swift; sourceTree = "<group>"; };
		93839BDD1C2E0EAE0FA42488 /* OrbView.swift */ = {isa = PBXFileReference; lastKnownFileType = sourcecode.swift; path = OrbView.swift; sourceTree = "<group>"; };
		941F3A5DA401DCBABF0471A1 /* ArchonMotion.swift */ = {isa = PBXFileReference; lastKnownFileType = sourcecode.swift; path = ArchonMotion.swift; sourceTree = "<group>"; };
		94936016E8E9CA22D6FF42AF /* WhisperKitTranscriber.swift */ = {isa = PBXFileReference; lastKnownFileType = sourcecode.swift; path = WhisperKitTranscriber.swift; sourceTree = "<group>"; };
		9550ABF0B1B6BAEDA9CA75D2 /* SeqTracker.swift */ = {isa = PBXFileReference; lastKnownFileType = sourcecode.swift; path = SeqTracker.swift; sourceTree = "<group>"; };
		9B2CFB7927CFC4FC2855A300 /* VoiceStore.swift */ = {isa = PBXFileReference; lastKnownFileType = sourcecode.swift; path = VoiceStore.swift; sourceTree = "<group>"; };
		9CCEAA5D499EF8A7B7D8BC1C /* ProposalReviewCard.swift */ = {isa = PBXFileReference; lastKnownFileType = sourcecode.swift; path = ProposalReviewCard.swift; sourceTree = "<group>"; };
		9F03027C8A76E9EF0A0A008D /* BackoffAndSeqTests.swift */ = {isa = PBXFileReference; lastKnownFileType = sourcecode.swift; path = BackoffAndSeqTests.swift; sourceTree = "<group>"; };
		A0A998AFEE86997D9DCFD7B8 /* ProjectStoreTests.swift */ = {isa = PBXFileReference; lastKnownFileType = sourcecode.swift; path = ProjectStoreTests.swift; sourceTree = "<group>"; };
		A5705DC9316D2179300C7E0C /* BoardStore.swift */ = {isa = PBXFileReference; lastKnownFileType = sourcecode.swift; path = BoardStore.swift; sourceTree = "<group>"; };
		A653CCCA1C91E46DCF6F395D /* CodebaseTests.swift */ = {isa = PBXFileReference; lastKnownFileType = sourcecode.swift; path = CodebaseTests.swift; sourceTree = "<group>"; };
		A7576DD2C812D03493245307 /* BoardFormat.swift */ = {isa = PBXFileReference; lastKnownFileType = sourcecode.swift; path = BoardFormat.swift; sourceTree = "<group>"; };
		A9AF7CCD77C2DA6E717C6B2D /* MemoryStoreTests.swift */ = {isa = PBXFileReference; lastKnownFileType = sourcecode.swift; path = MemoryStoreTests.swift; sourceTree = "<group>"; };
		AA7588FB633DDD37077DB60A /* OrbState.swift */ = {isa = PBXFileReference; lastKnownFileType = sourcecode.swift; path = OrbState.swift; sourceTree = "<group>"; };
		ABE3FE44F3FCD45172998078 /* OrbHue.swift */ = {isa = PBXFileReference; lastKnownFileType = sourcecode.swift; path = OrbHue.swift; sourceTree = "<group>"; };
		AE1141C362BCB662109B72CC /* BoardTestSupport.swift */ = {isa = PBXFileReference; lastKnownFileType = sourcecode.swift; path = BoardTestSupport.swift; sourceTree = "<group>"; };
		AFB7CCDF0003F2696E9825F0 /* FileTreeView.swift */ = {isa = PBXFileReference; lastKnownFileType = sourcecode.swift; path = FileTreeView.swift; sourceTree = "<group>"; };
		B07599873F6CB7CFE8BE63DF /* Archon.app */ = {isa = PBXFileReference; explicitFileType = wrapper.application; includeInIndex = 0; path = Archon.app; sourceTree = BUILT_PRODUCTS_DIR; };
		B396BFF76026BF349DDE0E0F /* Kanban.swift */ = {isa = PBXFileReference; lastKnownFileType = sourcecode.swift; path = Kanban.swift; sourceTree = "<group>"; };
		B55C5E16E2F35275C8ABF08F /* CodebaseStore.swift */ = {isa = PBXFileReference; lastKnownFileType = sourcecode.swift; path = CodebaseStore.swift; sourceTree = "<group>"; };
		B57EFADAB1D249236EDA0642 /* SpeechTranscribing.swift */ = {isa = PBXFileReference; lastKnownFileType = sourcecode.swift; path = SpeechTranscribing.swift; sourceTree = "<group>"; };
		B5949EEB8514A14929B1AA6C /* FileTreeLoader.swift */ = {isa = PBXFileReference; lastKnownFileType = sourcecode.swift; path = FileTreeLoader.swift; sourceTree = "<group>"; };
		B5E7B1C4A88EEEE074842C3C /* OrbOverlayContent.swift */ = {isa = PBXFileReference; lastKnownFileType = sourcecode.swift; path = OrbOverlayContent.swift; sourceTree = "<group>"; };
		B62F09F1F4A49214B03AE349 /* TerminalInkResolver.swift */ = {isa = PBXFileReference; lastKnownFileType = sourcecode.swift; path = TerminalInkResolver.swift; sourceTree = "<group>"; };
		B6329A74321394DCC31329DF /* BoardServices.swift */ = {isa = PBXFileReference; lastKnownFileType = sourcecode.swift; path = BoardServices.swift; sourceTree = "<group>"; };
		B710A9CB4F77159DC5BD5BDF /* TerminalPaneView.swift */ = {isa = PBXFileReference; lastKnownFileType = sourcecode.swift; path = TerminalPaneView.swift; sourceTree = "<group>"; };
		B7ED99B61DCB495BD66B1536 /* ProvenanceBadge.swift */ = {isa = PBXFileReference; lastKnownFileType = sourcecode.swift; path = ProvenanceBadge.swift; sourceTree = "<group>"; };
		BCAB0D49209E7010BA8551C6 /* ArchonApp.swift */ = {isa = PBXFileReference; lastKnownFileType = sourcecode.swift; path = ArchonApp.swift; sourceTree = "<group>"; };
		BFD46851018374A5A5477A3A /* APIError.swift */ = {isa = PBXFileReference; lastKnownFileType = sourcecode.swift; path = APIError.swift; sourceTree = "<group>"; };
		C09BFFBBD29821845C4F76BB /* BoardStoreTests.swift */ = {isa = PBXFileReference; lastKnownFileType = sourcecode.swift; path = BoardStoreTests.swift; sourceTree = "<group>"; };
		C13E9752A0BD82B3BB149A42 /* Controls.swift */ = {isa = PBXFileReference; lastKnownFileType = sourcecode.swift; path = Controls.swift; sourceTree = "<group>"; };
		C18B12D7E67BB15BB3956377 /* ConductorSurfaceView.swift */ = {isa = PBXFileReference; lastKnownFileType = sourcecode.swift; path = ConductorSurfaceView.swift; sourceTree = "<group>"; };
		C2B8DB296921F435EE1B45CC /* ArchonTests.xctest */ = {isa = PBXFileReference; explicitFileType = wrapper.cfbundle; includeInIndex = 0; path = ArchonTests.xctest; sourceTree = BUILT_PRODUCTS_DIR; };
		C63FA5B9E029F7889FC8E8BD /* OrbPanelHost.swift */ = {isa = PBXFileReference; lastKnownFileType = sourcecode.swift; path = OrbPanelHost.swift; sourceTree = "<group>"; };
		C9E1CF33F5AC3CEE2AA89A49 /* TerminalEmulator.swift */ = {isa = PBXFileReference; lastKnownFileType = sourcecode.swift; path = TerminalEmulator.swift; sourceTree = "<group>"; };
		CC301F3D985DEB3BCE2C347A /* StatusIndicators.swift */ = {isa = PBXFileReference; lastKnownFileType = sourcecode.swift; path = StatusIndicators.swift; sourceTree = "<group>"; };
		CC4DDAE17A1EC528F350F280 /* Conductor.swift */ = {isa = PBXFileReference; lastKnownFileType = sourcecode.swift; path = Conductor.swift; sourceTree = "<group>"; };
		CC714BB7790DF6FA10DEE89E /* RootView.swift */ = {isa = PBXFileReference; lastKnownFileType = sourcecode.swift; path = RootView.swift; sourceTree = "<group>"; };
		D48C08BFBBD54A0EF2C2FCB3 /* ThreePaneShell.swift */ = {isa = PBXFileReference; lastKnownFileType = sourcecode.swift; path = ThreePaneShell.swift; sourceTree = "<group>"; };
		D5DC06C36A5510FA50EDD5A3 /* JSONValue.swift */ = {isa = PBXFileReference; lastKnownFileType = sourcecode.swift; path = JSONValue.swift; sourceTree = "<group>"; };
		D6F0AACB2226E3223ADCADF4 /* ArchonMaterial.swift */ = {isa = PBXFileReference; lastKnownFileType = sourcecode.swift; path = ArchonMaterial.swift; sourceTree = "<group>"; };
		D8A6866D0C7DC3D5672A99D8 /* VoiceOrbFeature.swift */ = {isa = PBXFileReference; lastKnownFileType = sourcecode.swift; path = VoiceOrbFeature.swift; sourceTree = "<group>"; };
		DDFCECB4869D212580EDD8BE /* VoiceOrbCoordinator.swift */ = {isa = PBXFileReference; lastKnownFileType = sourcecode.swift; path = VoiceOrbCoordinator.swift; sourceTree = "<group>"; };
		DE8315A7415D68427C1695A0 /* LineDiff.swift */ = {isa = PBXFileReference; lastKnownFileType = sourcecode.swift; path = LineDiff.swift; sourceTree = "<group>"; };
		E09AAAD4BE53847694DECD08 /* MicrophoneAuthorization.swift */ = {isa = PBXFileReference; lastKnownFileType = sourcecode.swift; path = MicrophoneAuthorization.swift; sourceTree = "<group>"; };
		E1BF657D19B1C76D545211F7 /* FrameCoalescer.swift */ = {isa = PBXFileReference; lastKnownFileType = sourcecode.swift; path = FrameCoalescer.swift; sourceTree = "<group>"; };
		E28D5826503E251D42BB727D /* OrbStateMachine.swift */ = {isa = PBXFileReference; lastKnownFileType = sourcecode.swift; path = OrbStateMachine.swift; sourceTree = "<group>"; };
		E482074FE6E5456F61E2ABA0 /* KanbanBoardView.swift */ = {isa = PBXFileReference; lastKnownFileType = sourcecode.swift; path = KanbanBoardView.swift; sourceTree = "<group>"; };
		E7DA3B560E3708AA69F7B902 /* ScrollbackBufferTests.swift */ = {isa = PBXFileReference; lastKnownFileType = sourcecode.swift; path = ScrollbackBufferTests.swift; sourceTree = "<group>"; };
		E80175917793628008C1CDB8 /* ProjectIdentity.swift */ = {isa = PBXFileReference; lastKnownFileType = sourcecode.swift; path = ProjectIdentity.swift; sourceTree = "<group>"; };
		EA18C1203D80A4C9ABE44D93 /* BoardFeature.swift */ = {isa = PBXFileReference; lastKnownFileType = sourcecode.swift; path = BoardFeature.swift; sourceTree = "<group>"; };
		EC773340E3DE9956F06175AA /* IndividualTerminalsView.swift */ = {isa = PBXFileReference; lastKnownFileType = sourcecode.swift; path = IndividualTerminalsView.swift; sourceTree = "<group>"; };
		EC78D8AF0A6CA2F540F9AA37 /* ConductorModels.swift */ = {isa = PBXFileReference; lastKnownFileType = sourcecode.swift; path = ConductorModels.swift; sourceTree = "<group>"; };
		EF6609557651F1975B002A3C /* VoiceOrbTests.swift */ = {isa = PBXFileReference; lastKnownFileType = sourcecode.swift; path = VoiceOrbTests.swift; sourceTree = "<group>"; };
		EF7DA91D353722DB50A1F1FF /* ShellRegistry.swift */ = {isa = PBXFileReference; lastKnownFileType = sourcecode.swift; path = ShellRegistry.swift; sourceTree = "<group>"; };
		F01C2E745EA9AE70B336DBAF /* BackoffPolicy.swift */ = {isa = PBXFileReference; lastKnownFileType = sourcecode.swift; path = BackoffPolicy.swift; sourceTree = "<group>"; };
		F178255FAC4D0DAE20F05518 /* StateViews.swift */ = {isa = PBXFileReference; lastKnownFileType = sourcecode.swift; path = StateViews.swift; sourceTree = "<group>"; };
		F35D088637E37F19E60BF7B8 /* DesignTokens.swift */ = {isa = PBXFileReference; lastKnownFileType = sourcecode.swift; path = DesignTokens.swift; sourceTree = "<group>"; };
		F57220207B8609E7210FC095 /* MotionAndIDTests.swift */ = {isa = PBXFileReference; lastKnownFileType = sourcecode.swift; path = MotionAndIDTests.swift; sourceTree = "<group>"; };
		F57FFB3EF9D986C74B40C9E8 /* HotKeyBinding.swift */ = {isa = PBXFileReference; lastKnownFileType = sourcecode.swift; path = HotKeyBinding.swift; sourceTree = "<group>"; };
		F6D7E58E0A59CE12EF5BA155 /* ProjectPicker.swift */ = {isa = PBXFileReference; lastKnownFileType = sourcecode.swift; path = ProjectPicker.swift; sourceTree = "<group>"; };
		F874F9E65E4AD1DB31C23737 /* OrbEnvironment.swift */ = {isa = PBXFileReference; lastKnownFileType = sourcecode.swift; path = OrbEnvironment.swift; sourceTree = "<group>"; };
/* End PBXFileReference section */

/* Begin PBXFrameworksBuildPhase section */
		57C54EBA17BF7EE897455559 /* Frameworks */ = {
			isa = PBXFrameworksBuildPhase;
			buildActionMask = 2147483647;
			files = (
				78B184280D1049C49363FF2D /* WhisperKit in Frameworks */,
			);
			runOnlyForDeploymentPostprocessing = 0;
		};
/* End PBXFrameworksBuildPhase section */

/* Begin PBXGroup section */
		1007AA42480B33FB0C26372B /* ArchonCore */ = {
			isa = PBXGroup;
			children = (
				2D66B1C18604324D99C6B736 /* Models */,
				E790B70EB645C7E011667170 /* Navigation */,
				666881EAA0149ACF77E6AF0D /* Networking */,
				73D607881FE2C57EC73325AF /* State */,
				52120702627458C9DCDF318E /* Supervision */,
				EC56F564B46B7C167628081C /* Util */,
			);
			path = ArchonCore;
			sourceTree = "<group>";
		};
		241750D5295E4DC14F17AFB1 = {
			isa = PBXGroup;
			children = (
				9C5C065110F62877E06D129C /* Sources */,
				EC6B8D2B2ED2276751B5308D /* Tests */,
				DF6EE0264643BF806125E9E3 /* Products */,
			);
			sourceTree = "<group>";
		};
		2D66B1C18604324D99C6B736 /* Models */ = {
			isa = PBXGroup;
			children = (
				BFD46851018374A5A5477A3A /* APIError.swift */,
				CC4DDAE17A1EC528F350F280 /* Conductor.swift */,
				684182A95107CD8D18D72A64 /* Events.swift */,
				83EC12E1FEC3BD9D301D9FB1 /* Health.swift */,
				B396BFF76026BF349DDE0E0F /* Kanban.swift */,
				1B3F21356D4C4C671DE4D990 /* Memory.swift */,
				8B416F5BEFE5B985D413C58A /* Project.swift */,
				60E31623100809DF34D5EAAB /* Runtime.swift */,
				3053130C773FAC4D913001DA /* Session.swift */,
			);
			path = Models;
			sourceTree = "<group>";
		};
		36ABB0B9D76F965F44B9C49D /* Tokens */ = {
			isa = PBXGroup;
			children = (
				F35D088637E37F19E60BF7B8 /* DesignTokens.swift */,
				4999754A0853874972AA982F /* Spacing.swift */,
				3074515503F306D9B35C23B9 /* Typography.swift */,
			);
			path = Tokens;
			sourceTree = "<group>";
		};
		4D28F2DD1E86DD93B52145AD /* State */ = {
			isa = PBXGroup;
			children = (
				23C902FA2B8019EE95823DF5 /* ConductorStore.swift */,
				F874F9E65E4AD1DB31C23737 /* OrbEnvironment.swift */,
				5FE1ECBFEBAD1BE8F8720570 /* OrbPositionStore.swift */,
				AA7588FB633DDD37077DB60A /* OrbState.swift */,
				E28D5826503E251D42BB727D /* OrbStateMachine.swift */,
				9B2CFB7927CFC4FC2855A300 /* VoiceStore.swift */,
			);
			path = State;
			sourceTree = "<group>";
		};
		50D6CF710D8D7AAD6AB59607 /* Support */ = {
			isa = PBXGroup;
			children = (
				B6329A74321394DCC31329DF /* BoardServices.swift */,
				B5949EEB8514A14929B1AA6C /* FileTreeLoader.swift */,
				02F2510907EC95BBBA17EB76 /* GitignoreMatcher.swift */,
				DE8315A7415D68427C1695A0 /* LineDiff.swift */,
			);
			path = Support;
			sourceTree = "<group>";
		};
		52120702627458C9DCDF318E /* Supervision */ = {
			isa = PBXGroup;
			children = (
				7AAB33B97B048EEAD8A06C3A /* OrchestratorSupervisor.swift */,
				158CF3D6C44D46CF4B1409A1 /* ProjectStore.swift */,
			);
			path = Supervision;
			sourceTree = "<group>";
		};
		536F270062C2DA3071432583 /* Codebase */ = {
			isa = PBXGroup;
			children = (
				23B99B267CA4A93BF0AE1C5A /* CodebaseView.swift */,
				AFB7CCDF0003F2696E9825F0 /* FileTreeView.swift */,
				54E9CEE867E9D6A3D6D3D455 /* IntelligencePane.swift */,
			);
			path = Codebase;
			sourceTree = "<group>";
		};
		5FC402CFB857B32586EE1057 /* Store */ = {
			isa = PBXGroup;
			children = (
				E1BF657D19B1C76D545211F7 /* FrameCoalescer.swift */,
				60948C8D03A0987420EEC05E /* TerminalSession.swift */,
				07D306B85EEF964B892C5307 /* TerminalsStore.swift */,
			);
			path = Store;
			sourceTree = "<group>";
		};
		6581F5381833339F13E02759 /* Views */ = {
			isa = PBXGroup;
			children = (
				536F270062C2DA3071432583 /* Codebase */,
				CFE9B5630F1AC8AE0BB2EE83 /* Kanban */,
				DB67BAACFC8E75F3B612EC2A /* Memory */,
			);
			path = Views;
			sourceTree = "<group>";
		};
		666881EAA0149ACF77E6AF0D /* Networking */ = {
			isa = PBXGroup;
			children = (
				53F391DB5800A824330C61F1 /* APIClient.swift */,
				F01C2E745EA9AE70B336DBAF /* BackoffPolicy.swift */,
				9550ABF0B1B6BAEDA9CA75D2 /* SeqTracker.swift */,
				37F471FE8371BFA1DE9BF7F5 /* WSClient.swift */,
			);
			path = Networking;
			sourceTree = "<group>";
		};
		6790F1B202609AD9C1D8EDFA /* Speech */ = {
			isa = PBXGroup;
			children = (
				E09AAAD4BE53847694DECD08 /* MicrophoneAuthorization.swift */,
				B57EFADAB1D249236EDA0642 /* SpeechTranscribing.swift */,
				94936016E8E9CA22D6FF42AF /* WhisperKitTranscriber.swift */,
			);
			path = Speech;
			sourceTree = "<group>";
		};
		73D607881FE2C57EC73325AF /* State */ = {
			isa = PBXGroup;
			children = (
				2332AFA65D47F4226839C200 /* AppState.swift */,
			);
			path = State;
			sourceTree = "<group>";
		};
		74C8B445403174AEB52E238E /* Materials */ = {
			isa = PBXGroup;
			children = (
				D6F0AACB2226E3223ADCADF4 /* ArchonMaterial.swift */,
			);
			path = Materials;
			sourceTree = "<group>";
		};
		815EA02A10FD55038B5CD012 /* Render */ = {
			isa = PBXGroup;
			children = (
				B62F09F1F4A49214B03AE349 /* TerminalInkResolver.swift */,
				787E231AA9F98130B65C6CE0 /* TerminalRenderView.swift */,
			);
			path = Render;
			sourceTree = "<group>";
		};
		848522DC885C9517A09C84DF /* Views */ = {
			isa = PBXGroup;
			children = (
				EC773340E3DE9956F06175AA /* IndividualTerminalsView.swift */,
				817D8AA3A61A0DF1C4528D15 /* NewSessionSheet.swift */,
				3518417BB19A2A36245ACDDF /* SummaryDashboardView.swift */,
				205DD1E8E5AEC2CFEA4CD6C6 /* TerminalFocusView.swift */,
				B710A9CB4F77159DC5BD5BDF /* TerminalPaneView.swift */,
				0D5D9B2323AB9FE790256FF3 /* TerminalsSidebarView.swift */,
			);
			path = Views;
			sourceTree = "<group>";
		};
		8EB914F6CB3C8230188610D1 /* Hotkey */ = {
			isa = PBXGroup;
			children = (
				F57FFB3EF9D986C74B40C9E8 /* HotKeyBinding.swift */,
				8A01A721C66CBDF017155FF0 /* HotKeyManager.swift */,
				0C5451807B71713E46AB7A43 /* PushToTalkController.swift */,
			);
			path = Hotkey;
			sourceTree = "<group>";
		};
		90DD9A412627295B0A991C14 /* DesignSystem */ = {
			isa = PBXGroup;
			children = (
				A41F52EB63A45AD569F44E55 /* Components */,
				74C8B445403174AEB52E238E /* Materials */,
				AF7E82A02426B57B976941F3 /* Motion */,
				F789E916CB7AD08DD7C33B03 /* Shell */,
				36ABB0B9D76F965F44B9C49D /* Tokens */,
			);
			path = DesignSystem;
			sourceTree = "<group>";
		};
		9C5C065110F62877E06D129C /* Sources */ = {
			isa = PBXGroup;
			children = (
				D6FF530FDDD72346669A71A2 /* App */,
				1007AA42480B33FB0C26372B /* ArchonCore */,
				A5E5C079F7C971384114D997 /* Board */,
				90DD9A412627295B0A991C14 /* DesignSystem */,
				AC0CA7EC34DC6B931DCA996C /* Terminals */,
				E5041059D482A324E1B83D92 /* VoiceOrb */,
			);
			path = Sources;
			sourceTree = "<group>";
		};
		A41F52EB63A45AD569F44E55 /* Components */ = {
			isa = PBXGroup;
			children = (
				C13E9752A0BD82B3BB149A42 /* Controls.swift */,
				F178255FAC4D0DAE20F05518 /* StateViews.swift */,
				CC301F3D985DEB3BCE2C347A /* StatusIndicators.swift */,
			);
			path = Components;
			sourceTree = "<group>";
		};
		A5E5C079F7C971384114D997 /* Board */ = {
			isa = PBXGroup;
			children = (
				A82D1CDBEB72E03C8F3A2D3F /* Models */,
				DA38926626417F8FB18625A5 /* Stores */,
				50D6CF710D8D7AAD6AB59607 /* Support */,
				6581F5381833339F13E02759 /* Views */,
				EA18C1203D80A4C9ABE44D93 /* BoardFeature.swift */,
			);
			path = Board;
			sourceTree = "<group>";
		};
		A82D1CDBEB72E03C8F3A2D3F /* Models */ = {
			isa = PBXGroup;
			children = (
				1519811CB4FE2E890A3B196D /* FileNode.swift */,
				647D802307379965E208F44B /* MemoryProposal.swift */,
			);
			path = Models;
			sourceTree = "<group>";
		};
		A9D835A5B5666446B11EA5F1 /* Conductor */ = {
			isa = PBXGroup;
			children = (
				EC78D8AF0A6CA2F540F9AA37 /* ConductorModels.swift */,
				C18B12D7E67BB15BB3956377 /* ConductorSurfaceView.swift */,
				17EFA32BFCA0B71AA67E293F /* PlanView.swift */,
				1F058613BA196C565AE6AE91 /* TranscriptView.swift */,
			);
			path = Conductor;
			sourceTree = "<group>";
		};
		AA1899429599E4AC0563AFA7 /* Model */ = {
			isa = PBXGroup;
			children = (
				3F87D5A9819670CA5102D61B /* PTYStreamAssembler.swift */,
				3D1013E3F396EFC342D9F178 /* ScrollbackBuffer.swift */,
				C9E1CF33F5AC3CEE2AA89A49 /* TerminalEmulator.swift */,
				793E831AA38C5A9E63B16336 /* TerminalStyle.swift */,
			);
			path = Model;
			sourceTree = "<group>";
		};
		AC0CA7EC34DC6B931DCA996C /* Terminals */ = {
			isa = PBXGroup;
			children = (
				AA1899429599E4AC0563AFA7 /* Model */,
				815EA02A10FD55038B5CD012 /* Render */,
				5FC402CFB857B32586EE1057 /* Store */,
				848522DC885C9517A09C84DF /* Views */,
				0BCF96BFE0C20F0D04FE71FE /* TerminalsFeature.swift */,
			);
			path = Terminals;
			sourceTree = "<group>";
		};
		AF7E82A02426B57B976941F3 /* Motion */ = {
			isa = PBXGroup;
			children = (
				941F3A5DA401DCBABF0471A1 /* ArchonMotion.swift */,
			);
			path = Motion;
			sourceTree = "<group>";
		};
		BCA39C4198C5AD2E1A04EFCE /* Orb */ = {
			isa = PBXGroup;
			children = (
				04799D8F42FC23FA1F74D0BF /* FloatingOrbPanel.swift */,
				ABE3FE44F3FCD45172998078 /* OrbHue.swift */,
				C63FA5B9E029F7889FC8E8BD /* OrbPanelHost.swift */,
				14397D4F57BBB7771A72A953 /* OrbRenderModel.swift */,
				93839BDD1C2E0EAE0FA42488 /* OrbView.swift */,
			);
			path = Orb;
			sourceTree = "<group>";
		};
		CFE9B5630F1AC8AE0BB2EE83 /* Kanban */ = {
			isa = PBXGroup;
			children = (
				A7576DD2C812D03493245307 /* BoardFormat.swift */,
				124954495371E6D2D9E6AD99 /* CardEditor.swift */,
				2228F770456B565CF8928CA8 /* CardView.swift */,
				E482074FE6E5456F61E2ABA0 /* KanbanBoardView.swift */,
				8C155AE735BD6340B57E0A66 /* KanbanColumnView.swift */,
				B7ED99B61DCB495BD66B1536 /* ProvenanceBadge.swift */,
			);
			path = Kanban;
			sourceTree = "<group>";
		};
		D6FF530FDDD72346669A71A2 /* App */ = {
			isa = PBXGroup;
			children = (
				6BA0919840B3C42676BD639F /* AppContainer.swift */,
				BCAB0D49209E7010BA8551C6 /* ArchonApp.swift */,
				F6D7E58E0A59CE12EF5BA155 /* ProjectPicker.swift */,
				CC714BB7790DF6FA10DEE89E /* RootView.swift */,
			);
			path = App;
			sourceTree = "<group>";
		};
		DA38926626417F8FB18625A5 /* Stores */ = {
			isa = PBXGroup;
			children = (
				A5705DC9316D2179300C7E0C /* BoardStore.swift */,
				B55C5E16E2F35275C8ABF08F /* CodebaseStore.swift */,
				0FCFFD5A654AE4253F7BC29F /* MemoryStore.swift */,
			);
			path = Stores;
			sourceTree = "<group>";
		};
		DB67BAACFC8E75F3B612EC2A /* Memory */ = {
			isa = PBXGroup;
			children = (
				319B4548E2F4E77E93455A12 /* MemoryEditor.swift */,
				4BB116746B9F81EBF43CEF17 /* MemoryMarkdownView.swift */,
				7DB577D33AA72D3F3D3E51CC /* MemoryView.swift */,
				9CCEAA5D499EF8A7B7D8BC1C /* ProposalReviewCard.swift */,
			);
			path = Memory;
			sourceTree = "<group>";
		};
		DF6EE0264643BF806125E9E3 /* Products */ = {
			isa = PBXGroup;
			children = (
				B07599873F6CB7CFE8BE63DF /* Archon.app */,
				C2B8DB296921F435EE1B45CC /* ArchonTests.xctest */,
			);
			name = Products;
			sourceTree = "<group>";
		};
		E5041059D482A324E1B83D92 /* VoiceOrb */ = {
			isa = PBXGroup;
			children = (
				A9D835A5B5666446B11EA5F1 /* Conductor */,
				8EB914F6CB3C8230188610D1 /* Hotkey */,
				BCA39C4198C5AD2E1A04EFCE /* Orb */,
				6790F1B202609AD9C1D8EDFA /* Speech */,
				4D28F2DD1E86DD93B52145AD /* State */,
				B5E7B1C4A88EEEE074842C3C /* OrbOverlayContent.swift */,
				DDFCECB4869D212580EDD8BE /* VoiceOrbCoordinator.swift */,
				D8A6866D0C7DC3D5672A99D8 /* VoiceOrbFeature.swift */,
			);
			path = VoiceOrb;
			sourceTree = "<group>";
		};
		E790B70EB645C7E011667170 /* Navigation */ = {
			isa = PBXGroup;
			children = (
				79370577EA9C215B93AA4F21 /* Navigation.swift */,
			);
			path = Navigation;
			sourceTree = "<group>";
		};
		EC56F564B46B7C167628081C /* Util */ = {
			isa = PBXGroup;
			children = (
				31B27E351025CD9795F8DABC /* ArchonJSON.swift */,
				D5DC06C36A5510FA50EDD5A3 /* JSONValue.swift */,
				E80175917793628008C1CDB8 /* ProjectIdentity.swift */,
				12DD67DFCE01F21CFC1293F4 /* ULID.swift */,
			);
			path = Util;
			sourceTree = "<group>";
		};
		EC6B8D2B2ED2276751B5308D /* Tests */ = {
			isa = PBXGroup;
			children = (
				41745580EDB1E4C88132D2D8 /* AppStateReducerTests.swift */,
				9F03027C8A76E9EF0A0A008D /* BackoffAndSeqTests.swift */,
				C09BFFBBD29821845C4F76BB /* BoardStoreTests.swift */,
				AE1141C362BCB662109B72CC /* BoardTestSupport.swift */,
				A653CCCA1C91E46DCF6F395D /* CodebaseTests.swift */,
				0C01C31FB76C1D1DAF498F4A /* ContractConformanceTests.swift */,
				4F7CFDE79EE648FD44201D9A /* EventDecodingTests.swift */,
				A9AF7CCD77C2DA6E717C6B2D /* MemoryStoreTests.swift */,
				0001C5475BA43C9805F6E970 /* ModelDecodingTests.swift */,
				F57220207B8609E7210FC095 /* MotionAndIDTests.swift */,
				A0A998AFEE86997D9DCFD7B8 /* ProjectStoreTests.swift */,
				3A021C9C090A39FF5D508BCF /* PTYStreamAssemblerTests.swift */,
				E7DA3B560E3708AA69F7B902 /* ScrollbackBufferTests.swift */,
				56742C1F2BF7D9C4316CEA12 /* TerminalEmulatorTests.swift */,
				78B7A7FD6EE35360104F9508 /* TerminalsStoreTests.swift */,
				EF6609557651F1975B002A3C /* VoiceOrbTests.swift */,
				8443CEBABBCC8FF790A37DA2 /* ConductorStoreTests.swift */,
			);
			path = Tests;
			sourceTree = "<group>";
		};
		F789E916CB7AD08DD7C33B03 /* Shell */ = {
			isa = PBXGroup;
			children = (
				EF7DA91D353722DB50A1F1FF /* ShellRegistry.swift */,
				D48C08BFBBD54A0EF2C2FCB3 /* ThreePaneShell.swift */,
			);
			path = Shell;
			sourceTree = "<group>";
		};
/* End PBXGroup section */

/* Begin PBXNativeTarget section */
		57A80E9779C080382BEBFF68 /* ArchonTests */ = {
			isa = PBXNativeTarget;
			buildConfigurationList = 1C0BC63FF7516D095C089B80 /* Build configuration list for PBXNativeTarget "ArchonTests" */;
			buildPhases = (
				D38AB96E5D25095C9F739FEB /* Sources */,
			);
			buildRules = (
			);
			dependencies = (
				574F0418ACF81939CC619DDE /* PBXTargetDependency */,
			);
			name = ArchonTests;
			productName = ArchonTests;
			productReference = C2B8DB296921F435EE1B45CC /* ArchonTests.xctest */;
			productType = "com.apple.product-type.bundle.unit-test";
		};
		E9CAE94E668323B588125EFC /* Archon */ = {
			isa = PBXNativeTarget;
			buildConfigurationList = 35CCF6356276B6FC33ADA6DC /* Build configuration list for PBXNativeTarget "Archon" */;
			buildPhases = (
				BCFB2285EB9E3A79D79A3642 /* Sources */,
				57C54EBA17BF7EE897455559 /* Frameworks */,
			);
			buildRules = (
			);
			dependencies = (
			);
			name = Archon;
			packageProductDependencies = (
				D4DE73B4223E05A68AA3AC5C /* WhisperKit */,
			);
			productName = Archon;
			productReference = B07599873F6CB7CFE8BE63DF /* Archon.app */;
			productType = "com.apple.product-type.application";
		};
/* End PBXNativeTarget section */

/* Begin PBXProject section */
		393BF1BC6867ACC6AAB848B9 /* Project object */ = {
			isa = PBXProject;
			attributes = {
				BuildIndependentTargetsInParallel = YES;
				LastUpgradeCheck = 1430;
				TargetAttributes = {
					57A80E9779C080382BEBFF68 = {
						DevelopmentTeam = "";
						ProvisioningStyle = Manual;
					};
					E9CAE94E668323B588125EFC = {
						DevelopmentTeam = "";
						ProvisioningStyle = Manual;
					};
				};
			};
			buildConfigurationList = 2C0B791CCBF8266E1437475E /* Build configuration list for PBXProject "Archon" */;
			compatibilityVersion = "Xcode 14.0";
			developmentRegion = en;
			hasScannedForEncodings = 0;
			knownRegions = (
				Base,
				en,
			);
			mainGroup = 241750D5295E4DC14F17AFB1;
			minimizedProjectReferenceProxies = 1;
			packageReferences = (
				D66D076A4566CF02BF9665F9 /* XCRemoteSwiftPackageReference "WhisperKit" */,
			);
			preferredProjectObjectVersion = 77;
			productRefGroup = DF6EE0264643BF806125E9E3 /* Products */;
			projectDirPath = "";
			projectRoot = "";
			targets = (
				E9CAE94E668323B588125EFC /* Archon */,
				57A80E9779C080382BEBFF68 /* ArchonTests */,
			);
		};
/* End PBXProject section */

/* Begin PBXSourcesBuildPhase section */
		BCFB2285EB9E3A79D79A3642 /* Sources */ = {
			isa = PBXSourcesBuildPhase;
			buildActionMask = 2147483647;
			files = (
				ABD0B0E866263454C50C871C /* APIClient.swift in Sources */,
				36EFA4D99D62034BCC20C97F /* APIError.swift in Sources */,
				A00D07F1D198B17F1D23C126 /* AppContainer.swift in Sources */,
				74743BAFFBE1B4626A190C3E /* AppState.swift in Sources */,
				B409FFD026BDD440436875F9 /* ArchonApp.swift in Sources */,
				13A2D5E32B8C0B70397ECAF2 /* ArchonJSON.swift in Sources */,
				4F08071D72C27F4EBD4ADE2C /* ArchonMaterial.swift in Sources */,
				BAC9556CF6077D7FB066588E /* ArchonMotion.swift in Sources */,
				96E73C83721115138594AABA /* BackoffPolicy.swift in Sources */,
				0D88C0E4640370993AEC70B4 /* BoardFeature.swift in Sources */,
				B6570CE19B82891D32429F37 /* BoardFormat.swift in Sources */,
				2176AADBA587FA91D79BC608 /* BoardServices.swift in Sources */,
				E69575F6FC6E6F959B316BF7 /* BoardStore.swift in Sources */,
				4421BDB2306EACC0769212F7 /* CardEditor.swift in Sources */,
				42640F1CE272758116B7D10A /* CardView.swift in Sources */,
				01E2F5D841FDEE0F11394C22 /* CodebaseStore.swift in Sources */,
				9400B06C5528825D7569F049 /* CodebaseView.swift in Sources */,
				67EB9F8A308792DE303CE2D2 /* Conductor.swift in Sources */,
				F6BD7578D43188643717DBAA /* ConductorModels.swift in Sources */,
				01BB6DEB9295F00370A26861 /* ConductorStore.swift in Sources */,
				35CC8D8CA239D620CE7835BB /* ConductorSurfaceView.swift in Sources */,
				135669C0FD12FBE6AC88F226 /* Controls.swift in Sources */,
				2459770C8625F0741705F4D9 /* DesignTokens.swift in Sources */,
				0D60DB8DB3E137CF2C8FAE87 /* Events.swift in Sources */,
				C5C73B05B43C4D0AEE658C82 /* FileNode.swift in Sources */,
				8F30594F1B51DD8A8BE744A3 /* FileTreeLoader.swift in Sources */,
				80BD277C6B0215FB299B66C5 /* FileTreeView.swift in Sources */,
				616C489F86F991203357BFD8 /* FloatingOrbPanel.swift in Sources */,
				BDD33764F6AE4C6FB08DC44C /* FrameCoalescer.swift in Sources */,
				8D242ED4F18E4CFC3FCDC37D /* GitignoreMatcher.swift in Sources */,
				41B63FED230E0D70FD345E06 /* Health.swift in Sources */,
				AB6692515BF919C7B78724C9 /* HotKeyBinding.swift in Sources */,
				968FC9B84BC48691AED3FBAC /* HotKeyManager.swift in Sources */,
				5B4DD2D646B9255A20EFCE17 /* IndividualTerminalsView.swift in Sources */,
				CE55A7394D49328E5D6AE6B1 /* IntelligencePane.swift in Sources */,
				06E2EE53BDDDE481B344B6B6 /* JSONValue.swift in Sources */,
				A0991A796CB072B3B25FD1CF /* Kanban.swift in Sources */,
				7879F467C061339D978A9A47 /* KanbanBoardView.swift in Sources */,
				89C523A8A27047FFB361E7D4 /* KanbanColumnView.swift in Sources */,
				C622E7F3BF61887EF1CA23E0 /* LineDiff.swift in Sources */,
				22A938655A1EE30F9DD68050 /* Memory.swift in Sources */,
				8FA86E5FD0B1C0A61E25C4F4 /* MemoryEditor.swift in Sources */,
				27A371D871CFBC883C8A451C /* MemoryMarkdownView.swift in Sources */,
				49571A6A766B2E5F017AA1CB /* MemoryProposal.swift in Sources */,
				C4217A3A58DF20C1EDB98739 /* MemoryStore.swift in Sources */,
				F40E19404CC65BBEE5FCCFAF /* MemoryView.swift in Sources */,
				6C2641BBD963CAC0E6715A85 /* MicrophoneAuthorization.swift in Sources */,
				87839E6C598352311BEAF301 /* Navigation.swift in Sources */,
				82E3812A56665C62BD6D8DF8 /* NewSessionSheet.swift in Sources */,
				BFB7C6665DC2E823B9A945D7 /* OrbEnvironment.swift in Sources */,
				280FFE0EF54D9E9EA28196F2 /* OrbHue.swift in Sources */,
				F95E0F0612A2AC8E323A5066 /* OrbOverlayContent.swift in Sources */,
				54CA0363725C3B6E558F194D /* OrbPanelHost.swift in Sources */,
				B68FA50BE68D4B37840BC351 /* OrbPositionStore.swift in Sources */,
				43E483D13D80F46D485F70E3 /* OrbRenderModel.swift in Sources */,
				B2D62CD754616BBF85EE528E /* OrbState.swift in Sources */,
				4E2A3EDB1B1CDA4733DA1D2D /* OrbStateMachine.swift in Sources */,
				B37AF6E53CE62313E2EA9F20 /* OrbView.swift in Sources */,
				D015E0FB78520B8CA85DEAA6 /* OrchestratorSupervisor.swift in Sources */,
				BBCC955EF2E6FCBBAC7F0E83 /* PTYStreamAssembler.swift in Sources */,
				53B0B3A7B48FBB55AD17B312 /* PlanView.swift in Sources */,
				22652D4F43458C38E9035EE7 /* Project.swift in Sources */,
				A11B148D03E51AE89F522949 /* ProjectIdentity.swift in Sources */,
				5854CEDDFC97C2A5E2F41E0B /* ProjectPicker.swift in Sources */,
				FC147400B4515306CA727C9C /* ProjectStore.swift in Sources */,
				7F0770ED6F9F4F3A5137EA21 /* ProposalReviewCard.swift in Sources */,
				8AE933426C79AE09C7621BA1 /* ProvenanceBadge.swift in Sources */,
				4B5BC329FEDC09C4BE8571BC /* PushToTalkController.swift in Sources */,
				80D7D86AB413EB18BF31C457 /* RootView.swift in Sources */,
				C61830EFA869D1D649E6D6AD /* Runtime.swift in Sources */,
				8AE713FABDB3C609483E2F67 /* ScrollbackBuffer.swift in Sources */,
				C4209031F0BE9C1E1CEFA5BC /* SeqTracker.swift in Sources */,
				CB050FE8AE0E9CAA418B849C /* Session.swift in Sources */,
				152474973E3B0B3A6FC082D9 /* ShellRegistry.swift in Sources */,
				CB8D0C40366066D2270452B3 /* Spacing.swift in Sources */,
				49DB15405AF63B7B861808BC /* SpeechTranscribing.swift in Sources */,
				AD2F8611402E971242DB8F38 /* StateViews.swift in Sources */,
				D8B53368C64CD26E79C1D6C7 /* StatusIndicators.swift in Sources */,
				DBB5A34BCE62C621DDA17953 /* SummaryDashboardView.swift in Sources */,
				E05BB61A13F7EEAA6A7DC47E /* TerminalEmulator.swift in Sources */,
				873BCF15C350AAD7991DB3AB /* TerminalFocusView.swift in Sources */,
				D058420D5597BCD3624CD122 /* TerminalInkResolver.swift in Sources */,
				6EFCBB77368FF79DC1ED41DD /* TerminalPaneView.swift in Sources */,
				FB1E51192D11AF027B605557 /* TerminalRenderView.swift in Sources */,
				FB3CA86C8241CF946EE4C7B8 /* TerminalSession.swift in Sources */,
				A049F989DC8A770C3E8C5AD8 /* TerminalStyle.swift in Sources */,
				9C9CDE494A0CE53D96F183E6 /* TerminalsFeature.swift in Sources */,
				3CD91A89215E0F641352F0B2 /* TerminalsSidebarView.swift in Sources */,
				7A9EFE45C9F5C3069ADBEF43 /* TerminalsStore.swift in Sources */,
				655EF1A102C3473AD1680A9C /* ThreePaneShell.swift in Sources */,
				811AA3C25940022C4FBA4430 /* TranscriptView.swift in Sources */,
				87EB61FA3F49D7EAAA464568 /* Typography.swift in Sources */,
				643681D67D9758DC42C3C9D1 /* ULID.swift in Sources */,
				B52FA470BE353E30C24AE1C9 /* VoiceOrbCoordinator.swift in Sources */,
				D120744D44901B8A168B0101 /* VoiceOrbFeature.swift in Sources */,
				B14341165D6A12308FEAE6A1 /* VoiceStore.swift in Sources */,
				DC50BB2644CC7C31C0B5EC02 /* WSClient.swift in Sources */,
				887D124C47E00C0FD82CBE48 /* WhisperKitTranscriber.swift in Sources */,
			);
			runOnlyForDeploymentPostprocessing = 0;
		};
		D38AB96E5D25095C9F739FEB /* Sources */ = {
			isa = PBXSourcesBuildPhase;
			buildActionMask = 2147483647;
			files = (
				306F15B32823E8C5A98F73D0 /* AppStateReducerTests.swift in Sources */,
				49359E6B3BF321D35A8F7EA0 /* BackoffAndSeqTests.swift in Sources */,
				32BFE1160A2012175CA66FED /* BoardStoreTests.swift in Sources */,
				E5AD4243EFC9BC9336559839 /* BoardTestSupport.swift in Sources */,
				73A4E9EA8FD864983E6163E1 /* CodebaseTests.swift in Sources */,
				4FAA61C1AD49DACAFF164AEB /* ContractConformanceTests.swift in Sources */,
				2E97BCD51D8F2A5DC2E104DA /* EventDecodingTests.swift in Sources */,
				553C73C61974B74212ADADC6 /* MemoryStoreTests.swift in Sources */,
				5228735650B621739FBA20FD /* ModelDecodingTests.swift in Sources */,
				E933F80D23BF5500ECF0C706 /* MotionAndIDTests.swift in Sources */,
				D6291221664758D59F9C9344 /* PTYStreamAssemblerTests.swift in Sources */,
				F62A8CBB5051CEB8E32E0A1E /* ProjectStoreTests.swift in Sources */,
				21AF3DCF33B46D7D8C3B855D /* ScrollbackBufferTests.swift in Sources */,
				1DDE6233A5CEEDE7484B187B /* TerminalEmulatorTests.swift in Sources */,
				46306BEC777E9A8813B0AB11 /* TerminalsStoreTests.swift in Sources */,
				E81F6E14721B3E9EB6578813 /* VoiceOrbTests.swift in Sources */,
				B4A2EAC99D649FC2602C8656 /* ConductorStoreTests.swift in Sources */,
			);
			runOnlyForDeploymentPostprocessing = 0;
		};
/* End PBXSourcesBuildPhase section */

/* Begin PBXTargetDependency section */
		574F0418ACF81939CC619DDE /* PBXTargetDependency */ = {
			isa = PBXTargetDependency;
			target = E9CAE94E668323B588125EFC /* Archon */;
			targetProxy = 0C2DC5C0EE6D8E0C60784337 /* PBXContainerItemProxy */;
		};
/* End PBXTargetDependency section */

/* Begin XCBuildConfiguration section */
		063D3637A4A5E25DEEB5B493 /* Release */ = {
			isa = XCBuildConfiguration;
			buildSettings = {
				BUNDLE_LOADER = "$(TEST_HOST)";
				COMBINE_HIDPI_IMAGES = YES;
				GENERATE_INFOPLIST_FILE = YES;
				LD_RUNPATH_SEARCH_PATHS = (
					"$(inherited)",
					"@executable_path/../Frameworks",
					"@loader_path/../Frameworks",
				);
				MACOSX_DEPLOYMENT_TARGET = 26.0;
				PRODUCT_BUNDLE_IDENTIFIER = com.subralabs.archon.tests;
				SDKROOT = macosx;
				SWIFT_STRICT_CONCURRENCY = complete;
				SWIFT_VERSION = 6.0;
				TEST_HOST = "$(BUILT_PRODUCTS_DIR)/Archon.app/Contents/MacOS/Archon";
			};
			name = Release;
		};
		649DE62DAE1B26C63FDAF767 /* Release */ = {
			isa = XCBuildConfiguration;
			buildSettings = {
				ASSETCATALOG_COMPILER_APPICON_NAME = "";
				CODE_SIGN_ENTITLEMENTS = Config/Archon.entitlements;
				COMBINE_HIDPI_IMAGES = YES;
				CURRENT_PROJECT_VERSION = 1;
				INFOPLIST_FILE = Config/Info.plist;
				LD_RUNPATH_SEARCH_PATHS = (
					"$(inherited)",
					"@executable_path/../Frameworks",
				);
				LSMINIMUMSYSTEMVERSION = 26.0;
				MACOSX_DEPLOYMENT_TARGET = 26.0;
				MARKETING_VERSION = 0.1.0;
				PRODUCT_BUNDLE_IDENTIFIER = com.subralabs.archon;
				PRODUCT_NAME = Archon;
				SDKROOT = macosx;
				SWIFT_STRICT_CONCURRENCY = complete;
				SWIFT_VERSION = 6.0;
			};
			name = Release;
		};
		7AECA16F91A9A55C499F0504 /* Debug */ = {
			isa = XCBuildConfiguration;
			buildSettings = {
				BUNDLE_LOADER = "$(TEST_HOST)";
				COMBINE_HIDPI_IMAGES = YES;
				GENERATE_INFOPLIST_FILE = YES;
				LD_RUNPATH_SEARCH_PATHS = (
					"$(inherited)",
					"@executable_path/../Frameworks",
					"@loader_path/../Frameworks",
				);
				MACOSX_DEPLOYMENT_TARGET = 26.0;
				PRODUCT_BUNDLE_IDENTIFIER = com.subralabs.archon.tests;
				SDKROOT = macosx;
				SWIFT_STRICT_CONCURRENCY = complete;
				SWIFT_VERSION = 6.0;
				TEST_HOST = "$(BUILT_PRODUCTS_DIR)/Archon.app/Contents/MacOS/Archon";
			};
			name = Debug;
		};
		A0EECABABA33D76248AA5E9E /* Debug */ = {
			isa = XCBuildConfiguration;
			buildSettings = {
				ASSETCATALOG_COMPILER_APPICON_NAME = "";
				CODE_SIGN_ENTITLEMENTS = Config/Archon.entitlements;
				COMBINE_HIDPI_IMAGES = YES;
				CURRENT_PROJECT_VERSION = 1;
				INFOPLIST_FILE = Config/Info.plist;
				LD_RUNPATH_SEARCH_PATHS = (
					"$(inherited)",
					"@executable_path/../Frameworks",
				);
				LSMINIMUMSYSTEMVERSION = 26.0;
				MACOSX_DEPLOYMENT_TARGET = 26.0;
				MARKETING_VERSION = 0.1.0;
				PRODUCT_BUNDLE_IDENTIFIER = com.subralabs.archon;
				PRODUCT_NAME = Archon;
				SDKROOT = macosx;
				SWIFT_STRICT_CONCURRENCY = complete;
				SWIFT_VERSION = 6.0;
			};
			name = Debug;
		};
		DE05E54C6CDE61A8AA260282 /* Debug */ = {
			isa = XCBuildConfiguration;
			buildSettings = {
				ALWAYS_SEARCH_USER_PATHS = NO;
				CLANG_ANALYZER_NONNULL = YES;
				CLANG_ANALYZER_NUMBER_OBJECT_CONVERSION = YES_AGGRESSIVE;
				CLANG_CXX_LANGUAGE_STANDARD = "gnu++14";
				CLANG_CXX_LIBRARY = "libc++";
				CLANG_ENABLE_MODULES = YES;
				CLANG_ENABLE_OBJC_ARC = YES;
				CLANG_ENABLE_OBJC_WEAK = YES;
				CLANG_WARN_BLOCK_CAPTURE_AUTORELEASING = YES;
				CLANG_WARN_BOOL_CONVERSION = YES;
				CLANG_WARN_COMMA = YES;
				CLANG_WARN_CONSTANT_CONVERSION = YES;
				CLANG_WARN_DEPRECATED_OBJC_IMPLEMENTATIONS = YES;
				CLANG_WARN_DIRECT_OBJC_ISA_USAGE = YES_ERROR;
				CLANG_WARN_DOCUMENTATION_COMMENTS = YES;
				CLANG_WARN_EMPTY_BODY = YES;
				CLANG_WARN_ENUM_CONVERSION = YES;
				CLANG_WARN_INFINITE_RECURSION = YES;
				CLANG_WARN_INT_CONVERSION = YES;
				CLANG_WARN_NON_LITERAL_NULL_CONVERSION = YES;
				CLANG_WARN_OBJC_IMPLICIT_RETAIN_SELF = YES;
				CLANG_WARN_OBJC_LITERAL_CONVERSION = YES;
				CLANG_WARN_OBJC_ROOT_CLASS = YES_ERROR;
				CLANG_WARN_QUOTED_INCLUDE_IN_FRAMEWORK_HEADER = YES;
				CLANG_WARN_RANGE_LOOP_ANALYSIS = YES;
				CLANG_WARN_STRICT_PROTOTYPES = YES;
				CLANG_WARN_SUSPICIOUS_MOVE = YES;
				CLANG_WARN_UNGUARDED_AVAILABILITY = YES_AGGRESSIVE;
				CLANG_WARN_UNREACHABLE_CODE = YES;
				CLANG_WARN__DUPLICATE_METHOD_MATCH = YES;
				CODE_SIGN_IDENTITY = "-";
				CODE_SIGN_STYLE = Manual;
				COPY_PHASE_STRIP = NO;
				DEAD_CODE_STRIPPING = YES;
				DEBUG_INFORMATION_FORMAT = dwarf;
				DEVELOPMENT_TEAM = "";
				ENABLE_HARDENED_RUNTIME = NO;
				ENABLE_STRICT_OBJC_MSGSEND = YES;
				ENABLE_TESTABILITY = YES;
				ENABLE_USER_SCRIPT_SANDBOXING = YES;
				GCC_C_LANGUAGE_STANDARD = gnu11;
				GCC_DYNAMIC_NO_PIC = NO;
				GCC_NO_COMMON_BLOCKS = YES;
				GCC_OPTIMIZATION_LEVEL = 0;
				GCC_PREPROCESSOR_DEFINITIONS = (
					"$(inherited)",
					"DEBUG=1",
				);
				GCC_WARN_64_TO_32_BIT_CONVERSION = YES;
				GCC_WARN_ABOUT_RETURN_TYPE = YES_ERROR;
				GCC_WARN_UNDECLARED_SELECTOR = YES;
				GCC_WARN_UNINITIALIZED_AUTOS = YES_AGGRESSIVE;
				GCC_WARN_UNUSED_FUNCTION = YES;
				GCC_WARN_UNUSED_VARIABLE = YES;
				MACOSX_DEPLOYMENT_TARGET = 26.0;
				MTL_ENABLE_DEBUG_INFO = INCLUDE_SOURCE;
				MTL_FAST_MATH = YES;
				ONLY_ACTIVE_ARCH = YES;
				PRODUCT_NAME = "$(TARGET_NAME)";
				SDKROOT = macosx;
				SWIFT_ACTIVE_COMPILATION_CONDITIONS = DEBUG;
				SWIFT_OPTIMIZATION_LEVEL = "-Onone";
				SWIFT_STRICT_CONCURRENCY = complete;
				SWIFT_UPCOMING_FEATURE_FLAGS = "";
				SWIFT_VERSION = 6.0;
			};
			name = Debug;
		};
		E47D67383AFDA570BAB5EEE2 /* Release */ = {
			isa = XCBuildConfiguration;
			buildSettings = {
				ALWAYS_SEARCH_USER_PATHS = NO;
				CLANG_ANALYZER_NONNULL = YES;
				CLANG_ANALYZER_NUMBER_OBJECT_CONVERSION = YES_AGGRESSIVE;
				CLANG_CXX_LANGUAGE_STANDARD = "gnu++14";
				CLANG_CXX_LIBRARY = "libc++";
				CLANG_ENABLE_MODULES = YES;
				CLANG_ENABLE_OBJC_ARC = YES;
				CLANG_ENABLE_OBJC_WEAK = YES;
				CLANG_WARN_BLOCK_CAPTURE_AUTORELEASING = YES;
				CLANG_WARN_BOOL_CONVERSION = YES;
				CLANG_WARN_COMMA = YES;
				CLANG_WARN_CONSTANT_CONVERSION = YES;
				CLANG_WARN_DEPRECATED_OBJC_IMPLEMENTATIONS = YES;
				CLANG_WARN_DIRECT_OBJC_ISA_USAGE = YES_ERROR;
				CLANG_WARN_DOCUMENTATION_COMMENTS = YES;
				CLANG_WARN_EMPTY_BODY = YES;
				CLANG_WARN_ENUM_CONVERSION = YES;
				CLANG_WARN_INFINITE_RECURSION = YES;
				CLANG_WARN_INT_CONVERSION = YES;
				CLANG_WARN_NON_LITERAL_NULL_CONVERSION = YES;
				CLANG_WARN_OBJC_IMPLICIT_RETAIN_SELF = YES;
				CLANG_WARN_OBJC_LITERAL_CONVERSION = YES;
				CLANG_WARN_OBJC_ROOT_CLASS = YES_ERROR;
				CLANG_WARN_QUOTED_INCLUDE_IN_FRAMEWORK_HEADER = YES;
				CLANG_WARN_RANGE_LOOP_ANALYSIS = YES;
				CLANG_WARN_STRICT_PROTOTYPES = YES;
				CLANG_WARN_SUSPICIOUS_MOVE = YES;
				CLANG_WARN_UNGUARDED_AVAILABILITY = YES_AGGRESSIVE;
				CLANG_WARN_UNREACHABLE_CODE = YES;
				CLANG_WARN__DUPLICATE_METHOD_MATCH = YES;
				CODE_SIGN_IDENTITY = "-";
				CODE_SIGN_STYLE = Manual;
				COPY_PHASE_STRIP = NO;
				DEAD_CODE_STRIPPING = YES;
				DEBUG_INFORMATION_FORMAT = "dwarf-with-dsym";
				DEVELOPMENT_TEAM = "";
				ENABLE_HARDENED_RUNTIME = NO;
				ENABLE_NS_ASSERTIONS = NO;
				ENABLE_STRICT_OBJC_MSGSEND = YES;
				ENABLE_USER_SCRIPT_SANDBOXING = YES;
				GCC_C_LANGUAGE_STANDARD = gnu11;
				GCC_NO_COMMON_BLOCKS = YES;
				GCC_WARN_64_TO_32_BIT_CONVERSION = YES;
				GCC_WARN_ABOUT_RETURN_TYPE = YES_ERROR;
				GCC_WARN_UNDECLARED_SELECTOR = YES;
				GCC_WARN_UNINITIALIZED_AUTOS = YES_AGGRESSIVE;
				GCC_WARN_UNUSED_FUNCTION = YES;
				GCC_WARN_UNUSED_VARIABLE = YES;
				MACOSX_DEPLOYMENT_TARGET = 26.0;
				MTL_ENABLE_DEBUG_INFO = NO;
				MTL_FAST_MATH = YES;
				PRODUCT_NAME = "$(TARGET_NAME)";
				SDKROOT = macosx;
				SWIFT_COMPILATION_MODE = wholemodule;
				SWIFT_OPTIMIZATION_LEVEL = "-O";
				SWIFT_STRICT_CONCURRENCY = complete;
				SWIFT_UPCOMING_FEATURE_FLAGS = "";
				SWIFT_VERSION = 6.0;
			};
			name = Release;
		};
/* End XCBuildConfiguration section */

/* Begin XCConfigurationList section */
		1C0BC63FF7516D095C089B80 /* Build configuration list for PBXNativeTarget "ArchonTests" */ = {
			isa = XCConfigurationList;
			buildConfigurations = (
				7AECA16F91A9A55C499F0504 /* Debug */,
				063D3637A4A5E25DEEB5B493 /* Release */,
			);
			defaultConfigurationIsVisible = 0;
			defaultConfigurationName = Debug;
		};
		2C0B791CCBF8266E1437475E /* Build configuration list for PBXProject "Archon" */ = {
			isa = XCConfigurationList;
			buildConfigurations = (
				DE05E54C6CDE61A8AA260282 /* Debug */,
				E47D67383AFDA570BAB5EEE2 /* Release */,
			);
			defaultConfigurationIsVisible = 0;
			defaultConfigurationName = Debug;
		};
		35CCF6356276B6FC33ADA6DC /* Build configuration list for PBXNativeTarget "Archon" */ = {
			isa = XCConfigurationList;
			buildConfigurations = (
				A0EECABABA33D76248AA5E9E /* Debug */,
				649DE62DAE1B26C63FDAF767 /* Release */,
			);
			defaultConfigurationIsVisible = 0;
			defaultConfigurationName = Debug;
		};
/* End XCConfigurationList section */

/* Begin XCRemoteSwiftPackageReference section */
		D66D076A4566CF02BF9665F9 /* XCRemoteSwiftPackageReference "WhisperKit" */ = {
			isa = XCRemoteSwiftPackageReference;
			repositoryURL = "https://github.com/argmaxinc/WhisperKit";
			requirement = {
				kind = upToNextMajorVersion;
				minimumVersion = 0.9.0;
			};
		};
/* End XCRemoteSwiftPackageReference section */

/* Begin XCSwiftPackageProductDependency section */
		D4DE73B4223E05A68AA3AC5C /* WhisperKit */ = {
			isa = XCSwiftPackageProductDependency;
			package = D66D076A4566CF02BF9665F9 /* XCRemoteSwiftPackageReference "WhisperKit" */;
			productName = WhisperKit;
		};
/* End XCSwiftPackageProductDependency section */
	};
	rootObject = 393BF1BC6867ACC6AAB848B9 /* Project object */;
}
